
Microsoft Visual Studio Solution File, Format Version 12.00
# Visual Studio Version 17
VisualStudioVersion = 17.0.32014.148
MinimumVisualStudioVersion = 10.0.40219.1
Project("{888888A0-9F3D-457C-B088-3A5042F75D52}") = "DjangoBasic", "DjangoBasic\DjangoBasic.pyproj", "{80CF172B-B1AF-476F-9DA8-98F34B18ABB7}"
EndProject
Global
	GlobalSection(SolutionConfigurationPlatforms) = preSolution
		Debug|Any CPU = Debug|Any CPU
		Release|Any CPU = Release|Any CPU
	EndGlobalSection
	GlobalSection(ProjectConfigurationPlatforms) = postSolution
		{80CF172B-B1AF-476F-9DA8-98F34B18ABB7}.Debug|Any CPU.ActiveCfg = Debug|Any CPU
		{80CF172B-B1AF-476F-9DA8-98F34B18ABB7}.Debug|Any CPU.Build.0 = Debug|Any CPU
		{80CF172B-B1AF-476F-9DA8-98F34B18ABB7}.Release|Any CPU.ActiveCfg = Release|Any CPU
		{80CF172B-B1AF-476F-9DA8-98F34B18ABB7}.Release|Any CPU.Build.0 = Release|Any CPU
	EndGlobalSection
	GlobalSection(SolutionProperties) = preSolution
		HideSolutionNode = FALSE
	EndGlobalSection
	GlobalSection(ExtensibilityGlobals) = postSolution
		SolutionGuid = {00947D34-68F3-412C-8A2B-CB8DEBDC156B}
	EndGlobalSection
EndGlobal
